Microsoft Visual Studio Solution File, Format Version 11.00
# Visual Studio 2008

Project("{D4C5A5BA-D086-3966-E47D-84EE07B5A7E5}") = "CapstoneWorking", "Assembly-CSharp.csproj", "{40219C38-C2CA-72F9-36FC-CB36BE913953}"
EndProject
Project("{D4C5A5BA-D086-3966-E47D-84EE07B5A7E5}") = "CapstoneWorking", "Assembly-UnityScript-firstpass.unityproj", "{5AA65489-7027-502E-7732-472F6795A8CC}"
EndProject
Project("{D4C5A5BA-D086-3966-E47D-84EE07B5A7E5}") = "CapstoneWorking", "Assembly-UnityScript.unityproj", "{DCB32726-A528-3C5D-DF2F-C3FBFA4EF248}"
EndProject
Global
	GlobalSection(SolutionConfigurationPlatforms) = preSolution
		Debug|Any CPU = Debug|Any CPU
		Release|Any CPU = Release|Any CPU
	EndGlobalSection
	GlobalSection(ProjectConfigurationPlatforms) = postSolution
		{40219C38-C2CA-72F9-36FC-CB36BE913953}.Debug|Any CPU.ActiveCfg = Debug|Any CPU
		{40219C38-C2CA-72F9-36FC-CB36BE913953}.Debug|Any CPU.Build.0 = Debug|Any CPU
		{40219C38-C2CA-72F9-36FC-CB36BE913953}.Release|Any CPU.ActiveCfg = Release|Any CPU
		{40219C38-C2CA-72F9-36FC-CB36BE913953}.Release|Any CPU.Build.0 = Release|Any CPU
		{5AA65489-7027-502E-7732-472F6795A8CC}.Debug|Any CPU.ActiveCfg = Debug|Any CPU
		{5AA65489-7027-502E-7732-472F6795A8CC}.Debug|Any CPU.Build.0 = Debug|Any CPU
		{5AA65489-7027-502E-7732-472F6795A8CC}.Release|Any CPU.ActiveCfg = Release|Any CPU
		{5AA65489-7027-502E-7732-472F6795A8CC}.Release|Any CPU.Build.0 = Release|Any CPU
		{DCB32726-A528-3C5D-DF2F-C3FBFA4EF248}.Debug|Any CPU.ActiveCfg = Debug|Any CPU
		{DCB32726-A528-3C5D-DF2F-C3FBFA4EF248}.Debug|Any CPU.Build.0 = Debug|Any CPU
		{DCB32726-A528-3C5D-DF2F-C3FBFA4EF248}.Release|Any CPU.ActiveCfg = Release|Any CPU
		{DCB32726-A528-3C5D-DF2F-C3FBFA4EF248}.Release|Any CPU.Build.0 = Release|Any CPU
	EndGlobalSection
	GlobalSection(SolutionProperties) = preSolution
		HideSolutionNode = FALSE
	EndGlobalSection
																																																																															GlobalSection(MonoDevelopProperties) = preSolution
		StartupItem = Assembly-CSharp.csproj
		Policies = $0
		$0.TextStylePolicy = $1
		$1.inheritsSet = null
		$1.scope = text/x-csharp
		$0.CSharpFormattingPolicy = $2
		$2.inheritsSet = Mono
		$2.inheritsScope = text/x-csharp
		$2.scope = text/x-csharp
		$0.TextStylePolicy = $3
		$3.FileWidth = 120
		$3.TabWidth = 4
		$3.EolMarker = Unix
		$3.inheritsSet = Mono
		$3.inheritsScope = text/plain
		$3.scope = text/plain
	EndGlobalSection

EndGlobal
