Microsoft Visual Studio Solution File, Format Version 11.00
# Visual Studio 2008

Project("{13958415-28FE-C88C-C76D-458D5EA090DF}") = "RyanCapstone", "Assembly-CSharp.csproj", "{DF491461-FCCB-6726-8D30-25FA2CE88833}"
EndProject
Project("{13958415-28FE-C88C-C76D-458D5EA090DF}") = "RyanCapstone", "Assembly-UnityScript-firstpass.unityproj", "{772ADF80-E02A-961A-066D-026A19BE8A42}"
EndProject
Project("{13958415-28FE-C88C-C76D-458D5EA090DF}") = "RyanCapstone", "Assembly-UnityScript.unityproj", "{6E3E32EA-A8F7-7422-227D-100D4FF4AE72}"
EndProject
Global
	GlobalSection(SolutionConfigurationPlatforms) = preSolution
		Debug|Any CPU = Debug|Any CPU
		Release|Any CPU = Release|Any CPU
	EndGlobalSection
	GlobalSection(ProjectConfigurationPlatforms) = postSolution
		{DF491461-FCCB-6726-8D30-25FA2CE88833}.Debug|Any CPU.ActiveCfg = Debug|Any CPU
		{DF491461-FCCB-6726-8D30-25FA2CE88833}.Debug|Any CPU.Build.0 = Debug|Any CPU
		{DF491461-FCCB-6726-8D30-25FA2CE88833}.Release|Any CPU.ActiveCfg = Release|Any CPU
		{DF491461-FCCB-6726-8D30-25FA2CE88833}.Release|Any CPU.Build.0 = Release|Any CPU
		{772ADF80-E02A-961A-066D-026A19BE8A42}.Debug|Any CPU.ActiveCfg = Debug|Any CPU
		{772ADF80-E02A-961A-066D-026A19BE8A42}.Debug|Any CPU.Build.0 = Debug|Any CPU
		{772ADF80-E02A-961A-066D-026A19BE8A42}.Release|Any CPU.ActiveCfg = Release|Any CPU
		{772ADF80-E02A-961A-066D-026A19BE8A42}.Release|Any CPU.Build.0 = Release|Any CPU
		{6E3E32EA-A8F7-7422-227D-100D4FF4AE72}.Debug|Any CPU.ActiveCfg = Debug|Any CPU
		{6E3E32EA-A8F7-7422-227D-100D4FF4AE72}.Debug|Any CPU.Build.0 = Debug|Any CPU
		{6E3E32EA-A8F7-7422-227D-100D4FF4AE72}.Release|Any CPU.ActiveCfg = Release|Any CPU
		{6E3E32EA-A8F7-7422-227D-100D4FF4AE72}.Release|Any CPU.Build.0 = Release|Any CPU
	EndGlobalSection
	GlobalSection(SolutionProperties) = preSolution
		HideSolutionNode = FALSE
	EndGlobalSection
																			GlobalSection(MonoDevelopProperties) = preSolution
		StartupItem = Assembly-CSharp.csproj
		Policies = $0
		$0.TextStylePolicy = $1
		$1.inheritsSet = null
		$1.scope = text/x-csharp
		$0.CSharpFormattingPolicy = $2
		$2.inheritsSet = Mono
		$2.inheritsScope = text/x-csharp
		$2.scope = text/x-csharp
		$0.TextStylePolicy = $3
		$3.FileWidth = 120
		$3.TabWidth = 4
		$3.EolMarker = Unix
		$3.inheritsSet = Mono
		$3.inheritsScope = text/plain
		$3.scope = text/plain
	EndGlobalSection

EndGlobal
